
Microsoft Visual Studio Solution File, Format Version 12.00
# Visual Studio Version 17
VisualStudioVersion = 17.7.33616.100
MinimumVisualStudioVersion = 10.0.40219.1
Project("{FAE04EC0-301F-11D3-BF4B-00C04F79EFBC}") = "BlazorApp2.Server", "BlazorApp2\Server\BlazorApp2.Server.csproj", "{5D267F74-F91D-46D2-8ED7-B2158A3B7351}"
EndProject
Project("{FAE04EC0-301F-11D3-BF4B-00C04F79EFBC}") = "BlazorApp2.Client", "BlazorApp2\Client\BlazorApp2.Client.csproj", "{D510DB91-1C42-4118-9453-91D37530C1A6}"
EndProject
Project("{FAE04EC0-301F-11D3-BF4B-00C04F79EFBC}") = "BlazorApp2.Shared", "BlazorApp2\Shared\BlazorApp2.Shared.csproj", "{D814C607-1463-4C1A-84CA-5066E2A72362}"
EndProject
Global
	GlobalSection(SolutionConfigurationPlatforms) = preSolution
		Debug|Any CPU = Debug|Any CPU
		Release|Any CPU = Release|Any CPU
	EndGlobalSection
	GlobalSection(ProjectConfigurationPlatforms) = postSolution
		{5D267F74-F91D-46D2-8ED7-B2158A3B7351}.Debug|Any CPU.ActiveCfg = Debug|Any CPU
		{5D267F74-F91D-46D2-8ED7-B2158A3B7351}.Debug|Any CPU.Build.0 = Debug|Any CPU
		{5D267F74-F91D-46D2-8ED7-B2158A3B7351}.Release|Any CPU.ActiveCfg = Release|Any CPU
		{5D267F74-F91D-46D2-8ED7-B2158A3B7351}.Release|Any CPU.Build.0 = Release|Any CPU
		{D510DB91-1C42-4118-9453-91D37530C1A6}.Debug|Any CPU.ActiveCfg = Debug|Any CPU
		{D510DB91-1C42-4118-9453-91D37530C1A6}.Debug|Any CPU.Build.0 = Debug|Any CPU
		{D510DB91-1C42-4118-9453-91D37530C1A6}.Release|Any CPU.ActiveCfg = Release|Any CPU
		{D510DB91-1C42-4118-9453-91D37530C1A6}.Release|Any CPU.Build.0 = Release|Any CPU
		{D814C607-1463-4C1A-84CA-5066E2A72362}.Debug|Any CPU.ActiveCfg = Debug|Any CPU
		{D814C607-1463-4C1A-84CA-5066E2A72362}.Debug|Any CPU.Build.0 = Debug|Any CPU
		{D814C607-1463-4C1A-84CA-5066E2A72362}.Release|Any CPU.ActiveCfg = Release|Any CPU
		{D814C607-1463-4C1A-84CA-5066E2A72362}.Release|Any CPU.Build.0 = Release|Any CPU
	EndGlobalSection
	GlobalSection(SolutionProperties) = preSolution
		HideSolutionNode = FALSE
	EndGlobalSection
	GlobalSection(ExtensibilityGlobals) = postSolution
		SolutionGuid = {92E013CE-321D-467A-BD56-377D9FF39AF6}
	EndGlobalSection
EndGlobal
